{
    "_meta": {
        "hash": {
            "sha256": "5eb10ba1263766fe6fe002f6c48d58c7c9ae648a6c25125893bd0346c1b11d18"
        },
        "pipfile-spec": 6,
        "requires": {
            "python_version": "3.6"
        },
        "sources": [
            {
                "name": "pypi",
                "url": "https://pypi.org/simple",
                "verify_ssl": true
            }
        ]
    },
    "default": {
        "certifi": {
            "hashes": [
                "sha256:046832c04d4e752f37383b628bc601a7ea7211496b4638f6514d0e5b9acc4939",
                "sha256:945e3ba63a0b9f577b1395204e13c3a231f9bc0223888be653286534e5873695"
            ],
            "version": "==2019.6.16"
        },
        "chardet": {
            "hashes": [
                "sha256:84ab92ed1c4d4f16916e05906b6b75a6c0fb5db821cc65e70cbd64a3e2a5eaae",
                "sha256:fc323ffcaeaed0e0a02bf4d117757b98aed530d9ed4531e3e15460124c106691"
            ],
            "version": "==3.0.4"
        },
        "click": {
            "hashes": [
                "sha256:2335065e6395b9e67ca716de5f7526736bfa6ceead690adf616d925bdc622b13",
                "sha256:5b94b49521f6456670fdb30cd82a4eca9412788a93fa6dd6df72c94d5a8ff2d7"
            ],
            "version": "==7.0"
        },
        "confluent-kafka": {
            "hashes": [
                "sha256:01737c71c4596ef588b60ee1a1c56b64d8fd04169e3d5545ed31e08a530e00df",
                "sha256:16736eb9a65c2ca5ddb7200254d7a97c2b59eb3ef4f985ed319e583cb7abc0e6",
                "sha256:1c84038b2c515b27b14ab2d44b3f5c6ea7eeb848bfe755f5083c58edc60867af",
                "sha256:228722c35efa27cafe30bb7236c8acf699b9a07deb8df011f7d8e975715b77f6",
                "sha256:342299cd49c0af395bfaf0da5acfc1509081064429f809deb77754999ade8757",
                "sha256:36f3942527100646b8dcc32b59ae03d34b36df96a2fa66b3d91a10e8fcf3002f",
                "sha256:442186d9d6eca9c7a9d019a782645aeb210f1eb0dc85235ba60cd2f15ef89292",
                "sha256:4dcb171ebed381f2f8b3dd0827d10398097dba346b5170a42501065bee075444",
                "sha256:50d2300dad99f354b316660595eb461567e253fbb314848974542c58c04a7666",
                "sha256:5505d42ad10fde01f0a7254c6e7e2348b0b9dc26be95bea7ad203bcea3ece201",
                "sha256:6f9a99de81028fa687499f2f335374b0ee2366a970bc0664637ab346a1b77a11",
                "sha256:76e1922ada8da7ee654892f2364e9b30730fba9154868cec1017d791134bedf7",
                "sha256:790decee83bd0a15dc6b65a87703c156d63fde51b6b5c1c086cca13ee9300e8f",
                "sha256:7cd66710c8552e83d09b60cf699309d47f749289b10379ad3ed01d1b5114b461",
                "sha256:7eae7288fc28a8cd9ce5b758530ab2690c6ba15141c9192bc65774a2a7148432",
                "sha256:88fbbf7c27db4770a2d5b26795608cf2a6b672811cbe337f81ca82fe7011586d",
                "sha256:9857da6a911e7beae5e11acc8a494e95dabd4348c78a26b32b9ac98142b368da",
                "sha256:98ba297342d33c87775abbb9403f4759b9d48c34f84020973ddb8a8b785bfde1",
                "sha256:a2634c2de4b8cfdce9963723023658190edf7d8fddd3f4aa2eda448941654bd6",
                "sha256:ab5ddd32c4bcf7d5fecf71a455b5525825d907b86cdab9594bad33a1e342360d",
                "sha256:b25399b3e8bada06134b5a38f24ca70acf1524e70a6290c34a709b28b29ec284",
                "sha256:b809a9ddd35492b1c24487925dbc4b3cf4f392bf8856584d49b6b5a674fd0776",
                "sha256:bcb2da981e8713c900ab9903226167878f5731fcf33a3551ddb0614db88d1fcf",
                "sha256:dd003e54b251e8e7300e808175d21c8ab9039c9633a6fd87fb99301d94f7d2bc",
                "sha256:ddbd51a8429815ea5194d1d72881604836c6ea037cba79bf7440b2d4098ac7b0",
                "sha256:e809dbe2cd3b934247d2c1e22736798150769e51415ea65d28ba496fcec22a7d"
            ],
            "version": "==1.0.1"
        },
        "esque": {
            "editable": true,
            "path": "."
        },
        "fastavro": {
            "hashes": [
                "sha256:0930500497586037f1ca4bcb0e929d388d8cd86d1f5c43a72ac46bfa1003c785",
                "sha256:0cf083c14b2a3c72704660e89480571ed2d4956cc5b79845905956d38d6eb7b6",
                "sha256:3dd785459a7cd3c17012374c8929c73f385274dbbeed784ceda7879a4681c70f",
                "sha256:49e671bcacc81b7b49f2c9f6f3db4b6201d5cf5809c321b33da3d2890c0f8481",
                "sha256:52fd6153c7fbce93cef4e1c169543357582815a7665c142ebd97f29b7fabfc79",
                "sha256:59b4a838c4f7b2646bf4d79fe3a0c4d546acf7e0bb65eda57eaa5ac76dc8dea9",
                "sha256:61bc6d2c575b76e69b3ed16ee67827d67d166baeea255151cace550801bc5040",
                "sha256:688e6fd5458ba673c1e1fff8ed25a27996e7ef5bcd73a50c6127d8c511703624",
                "sha256:6c39c04e8ea5a85c512335a68bf08f922901817d49c113dd74de3dfebe38701f",
                "sha256:76558659cce8d73f5fbd6084e362c25fcceae4e195e722b30d185f26416b0486",
                "sha256:783f8600af4fc94c799e67f9deb0aedc7432e440937921b7f743dfc0753864bd",
                "sha256:a94ca58353b972bc906713e02e8c5a173250070b5cfbf0271e347a8c810e32cf",
                "sha256:aaeac57f4c4249d7d7b4e3ca1a43444e61a5aa382c83fb7580059e90e502485f",
                "sha256:ca0eb9ff026490eb5c4ae83f48326932d6c206c4d9325e469ab79e4ad1956ac7",
                "sha256:db387ce862b9dc71ecd8760e05ac0ee30b55b557cc2e2f2b33df0f3cf6f12a05",
                "sha256:e9648a7dfe9358e550d093d546ae330d2a9e3246cbe5d7425a4ca17521ee7a72",
                "sha256:eaa08fc8d416314bab328e9fe26df562b28ced24346109dbbae4a81151269d0f",
                "sha256:fb492b325c9a373d62e3ea41b9b868ea276d0964e98adfa26c181f748a962bf3"
            ],
            "version": "==0.22.2"
        },
        "idna": {
            "hashes": [
                "sha256:c357b3f628cf53ae2c4c05627ecc484553142ca23264e593d327bcde5e9c3407",
                "sha256:ea8b7f6188e6fa117537c3df7da9fc686d485087abf6ac197f9c46432f7e4a3c"
            ],
            "version": "==2.8"
        },
        "kazoo": {
            "hashes": [
                "sha256:8db774f7bdece7d0dc7decb21539ff0852e42c2ffe1c28d7f1ff6f9292a1c3a4",
                "sha256:a5fa2e400c5068cfee9e86b35cf0dab8232b574152d8e3590d823b3e2426ab5e"
            ],
            "version": "==2.5.0"
        },
        "pendulum": {
            "hashes": [
                "sha256:1cde6e3c6310fb882c98f373795f807cb2bd6af01f34d2857e6e283b5ee91e09",
                "sha256:485aef2089defee88607d37d5bc238934d0b90993d7bf9ceb36e481af41e9c66",
                "sha256:57801754e05f30e8a7e4d24734c9fad82c6c3ec489151555f0fc66bb32ba6d6d",
                "sha256:7ee344bc87cb425b04717b90d14ffde14c1dd64eaa73060b3772edcf57f3e866",
                "sha256:c460f4d8dc41ec3c4377ac1807678cd72fe5e973cc2943c104ffdeaac32dacb7",
                "sha256:d3078e007315a959989c41cee5cfd63cfeeca21dd3d8295f4bc24199489e9b6c"
            ],
            "version": "==2.0.5"
        },
        "pykafka": {
            "hashes": [
                "sha256:9b45c60ba40550f5b460a5a1441154255666e5935eae88c3cfa3aaba1d541690"
            ],
            "version": "==2.8.1.dev1"
        },
        "python-dateutil": {
            "hashes": [
                "sha256:7e6584c74aeed623791615e26efd690f29817a27c73085b78e4bad02493df2fb",
                "sha256:c89805f6f4d64db21ed966fda138f8a5ed7a4fdbc1a8ee329ce1b74e3c74da9e"
            ],
            "version": "==2.8.0"
        },
        "pytzdata": {
            "hashes": [
                "sha256:c0c8316eaf6c25ba45816390a1a45c39790767069b3275c5f7de3ddf773eb810",
                "sha256:e8a91952afd853642a49f0713caac3e15a5306855ff4a47af4ddec5b7dd23a09"
            ],
            "version": "==2019.2"
        },
        "pyyaml": {
            "hashes": [
                "sha256:57acc1d8533cbe51f6662a55434f0dbecfa2b9eaf115bede8f6fd00115a0c0d3",
                "sha256:588c94b3d16b76cfed8e0be54932e5729cc185caffaa5a451e7ad2f7ed8b4043",
                "sha256:68c8dd247f29f9a0d09375c9c6b8fdc64b60810ebf07ba4cdd64ceee3a58c7b7",
                "sha256:70d9818f1c9cd5c48bb87804f2efc8692f1023dac7f1a1a5c61d454043c1d265",
                "sha256:86a93cccd50f8c125286e637328ff4eef108400dd7089b46a7be3445eecfa391",
                "sha256:a0f329125a926876f647c9fa0ef32801587a12328b4a3c741270464e3e4fa778",
                "sha256:a3c252ab0fa1bb0d5a3f6449a4826732f3eb6c0270925548cac342bc9b22c225",
                "sha256:b4bb4d3f5e232425e25dda21c070ce05168a786ac9eda43768ab7f3ac2770955",
                "sha256:cd0618c5ba5bda5f4039b9398bb7fb6a317bb8298218c3de25c47c4740e4b95e",
                "sha256:ceacb9e5f8474dcf45b940578591c7f3d960e82f926c707788a570b51ba59190",
                "sha256:fe6a88094b64132c4bb3b631412e90032e8cfe9745a58370462240b8cb7553cd"
            ],
            "version": "==5.1.1"
        },
        "requests": {
            "hashes": [
                "sha256:11e007a8a2aa0323f5a921e9e6a2d7e4e67d9877e85773fba9ba6419025cbeb4",
                "sha256:9cf5292fcd0f598c671cfc1e0d7d1a7f13bb8085e9a590f48c010551dc6c4b31"
            ],
            "version": "==2.22.0"
        },
        "six": {
            "hashes": [
                "sha256:3350809f0555b11f552448330d0b52d5f24c91a322ea4a15ef22629740f3761c",
                "sha256:d16a0141ec1a18405cd4ce8b4613101da75da0e9a7aec5bdd4fa804d0e0eba73"
            ],
            "version": "==1.12.0"
        },
        "tabulate": {
            "hashes": [
                "sha256:8af07a39377cee1103a5c8b3330a421c2d99b9141e9cc5ddd2e3263fea416943"
            ],
            "version": "==0.8.3"
        },
        "urllib3": {
            "hashes": [
                "sha256:b246607a25ac80bedac05c6f282e3cdaf3afb65420fd024ac94435cabe6e18d1",
                "sha256:dbe59173209418ae49d485b87d1681aefa36252ee85884c31346debd19463232"
            ],
            "version": "==1.25.3"
        },
        "virtualenv": {
            "hashes": [
                "sha256:b7335cddd9260a3dd214b73a2521ffc09647bde3e9457fcca31dc3be3999d04a",
                "sha256:d28ca64c0f3f125f59cabf13e0a150e1c68e5eea60983cc4395d88c584495783"
            ],
            "version": "==16.6.1"
        }
    },
    "develop": {
        "appdirs": {
            "hashes": [
                "sha256:9e5896d1372858f8dd3344faf4e5014d21849c756c8d5701f78f8a103b372d92",
                "sha256:d8b24664561d0d34ddfaec54636d502d7cea6e29c3eaf68f3df6180863e2166e"
            ],
            "version": "==1.4.3"
        },
        "atomicwrites": {
            "hashes": [
                "sha256:03472c30eb2c5d1ba9227e4c2ca66ab8287fbfbbda3888aa93dc2e28fc6811b4",
                "sha256:75a9445bac02d8d058d5e1fe689654ba5a6556a1dfd8ce6ec55a0ed79866cfa6"
            ],
            "version": "==1.3.0"
        },
        "attrs": {
            "hashes": [
                "sha256:69c0dbf2ed392de1cb5ec704444b08a5ef81680a61cb899dc08127123af36a79",
                "sha256:f0b870f674851ecbfbbbd364d6b5cbdff9dcedbc7f3f5e18a6891057f21fe399"
            ],
            "version": "==19.1.0"
        },
        "black": {
            "hashes": [
                "sha256:09a9dcb7c46ed496a9850b76e4e825d6049ecd38b611f1224857a79bd985a8cf",
                "sha256:68950ffd4d9169716bcb8719a56c07a2f4485354fec061cdd5910aa07369731c"
            ],
            "version": "==19.3b0"
        },
        "certifi": {
            "hashes": [
                "sha256:046832c04d4e752f37383b628bc601a7ea7211496b4638f6514d0e5b9acc4939",
                "sha256:945e3ba63a0b9f577b1395204e13c3a231f9bc0223888be653286534e5873695"
            ],
            "version": "==2019.6.16"
        },
        "chardet": {
            "hashes": [
                "sha256:84ab92ed1c4d4f16916e05906b6b75a6c0fb5db821cc65e70cbd64a3e2a5eaae",
                "sha256:fc323ffcaeaed0e0a02bf4d117757b98aed530d9ed4531e3e15460124c106691"
            ],
            "version": "==3.0.4"
        },
        "click": {
            "hashes": [
                "sha256:2335065e6395b9e67ca716de5f7526736bfa6ceead690adf616d925bdc622b13",
                "sha256:5b94b49521f6456670fdb30cd82a4eca9412788a93fa6dd6df72c94d5a8ff2d7"
            ],
            "version": "==7.0"
        },
        "confluent-kafka": {
            "hashes": [
                "sha256:01737c71c4596ef588b60ee1a1c56b64d8fd04169e3d5545ed31e08a530e00df",
                "sha256:16736eb9a65c2ca5ddb7200254d7a97c2b59eb3ef4f985ed319e583cb7abc0e6",
                "sha256:1c84038b2c515b27b14ab2d44b3f5c6ea7eeb848bfe755f5083c58edc60867af",
                "sha256:228722c35efa27cafe30bb7236c8acf699b9a07deb8df011f7d8e975715b77f6",
                "sha256:342299cd49c0af395bfaf0da5acfc1509081064429f809deb77754999ade8757",
                "sha256:36f3942527100646b8dcc32b59ae03d34b36df96a2fa66b3d91a10e8fcf3002f",
                "sha256:442186d9d6eca9c7a9d019a782645aeb210f1eb0dc85235ba60cd2f15ef89292",
                "sha256:4dcb171ebed381f2f8b3dd0827d10398097dba346b5170a42501065bee075444",
                "sha256:50d2300dad99f354b316660595eb461567e253fbb314848974542c58c04a7666",
                "sha256:5505d42ad10fde01f0a7254c6e7e2348b0b9dc26be95bea7ad203bcea3ece201",
                "sha256:6f9a99de81028fa687499f2f335374b0ee2366a970bc0664637ab346a1b77a11",
                "sha256:76e1922ada8da7ee654892f2364e9b30730fba9154868cec1017d791134bedf7",
                "sha256:790decee83bd0a15dc6b65a87703c156d63fde51b6b5c1c086cca13ee9300e8f",
                "sha256:7cd66710c8552e83d09b60cf699309d47f749289b10379ad3ed01d1b5114b461",
                "sha256:7eae7288fc28a8cd9ce5b758530ab2690c6ba15141c9192bc65774a2a7148432",
                "sha256:88fbbf7c27db4770a2d5b26795608cf2a6b672811cbe337f81ca82fe7011586d",
                "sha256:9857da6a911e7beae5e11acc8a494e95dabd4348c78a26b32b9ac98142b368da",
                "sha256:98ba297342d33c87775abbb9403f4759b9d48c34f84020973ddb8a8b785bfde1",
                "sha256:a2634c2de4b8cfdce9963723023658190edf7d8fddd3f4aa2eda448941654bd6",
                "sha256:ab5ddd32c4bcf7d5fecf71a455b5525825d907b86cdab9594bad33a1e342360d",
                "sha256:b25399b3e8bada06134b5a38f24ca70acf1524e70a6290c34a709b28b29ec284",
                "sha256:b809a9ddd35492b1c24487925dbc4b3cf4f392bf8856584d49b6b5a674fd0776",
                "sha256:bcb2da981e8713c900ab9903226167878f5731fcf33a3551ddb0614db88d1fcf",
                "sha256:dd003e54b251e8e7300e808175d21c8ab9039c9633a6fd87fb99301d94f7d2bc",
                "sha256:ddbd51a8429815ea5194d1d72881604836c6ea037cba79bf7440b2d4098ac7b0",
                "sha256:e809dbe2cd3b934247d2c1e22736798150769e51415ea65d28ba496fcec22a7d"
            ],
            "version": "==1.0.1"
        },
        "coverage": {
            "hashes": [
                "sha256:0402b1822d513d0231589494bceddb067d20581f5083598c451b56c684b0e5d6",
                "sha256:0644e28e8aea9d9d563607ee8b7071b07dd57a4a3de11f8684cd33c51c0d1b93",
                "sha256:0874a283686803884ec0665018881130604956dbaa344f2539c46d82cbe29eda",
                "sha256:0988c3837df4bc371189bb3425d5232cf150055452034c232dda9cbe04f9c38e",
                "sha256:20bc3205b3100956bb72293fabb97f0ed972c81fed10b3251c90c70dcb0599ab",
                "sha256:2cc9142a3367e74eb6b19d58c53ebb1dfd7336b91cdcc91a6a2888bf8c7af984",
                "sha256:3ae9a0a59b058ce0761c3bd2c2d66ecb2ee2b8ac592620184370577f7a546fb3",
                "sha256:3b2e30b835df58cb973f478d09f3d82e90c98c8e5059acc245a8e4607e023801",
                "sha256:401e9b04894eb1498c639c6623ee78a646990ce5f095248e2440968aafd6e90e",
                "sha256:41ec5812d5decdaa72708be3018e7443e90def4b5a71294236a4df192cf9eab9",
                "sha256:475769b638a055e75b3d3219e054fe2a023c0b077ff15bff6c95aba7e93e6cac",
                "sha256:61424f4e2e82c4129a4ba71e10ebacb32a9ecd6f80de2cd05bdead6ba75ed736",
                "sha256:811969904d4dd0bee7d958898be8d9d75cef672d9b7e7db819dfeac3d20d2d0c",
                "sha256:86224bb99abfd672bf2f9fcecad5e8d7a3fa94f7f71513f2210460a0350307cd",
                "sha256:9a238a20a3af00665f8381f7e53e9c606f9bb652d2423f6b822f6cb790d887e8",
                "sha256:a23b3fbc14d4e6182ecebfd22f3729beef0636d151d94764a1c28330d185e4e5",
                "sha256:ac162b4ebe51b7a2b7f5e462c4402802633eb81e77c94f8a7c1ed8a556e72c75",
                "sha256:b6187378726c84365bf297b5dcdae8789b6a5823b200bea23797777e5a63be09",
                "sha256:bcd5723d905ed4a825f17410a53535f880b6d7548ae3d89078db7b1ceefcd853",
                "sha256:c48a4f9c5fb385269bb7fbaf9c1326a94863b65ec7f5c96b2ea56b252f01ad08",
                "sha256:cd40199d6f1c29c85b170d25589be9a97edff8ee7e62be180a2a137823896030",
                "sha256:d1bc331a7d069485ac1d8c25a0ea1f6aab6cb2a87146fb652222481c1bddc9ff",
                "sha256:d7e0cdc249aa0f94aa2e531b03999ddaf03a10b4fa090a894712d4c8066abd89",
                "sha256:e9ee8fcd8e067fcc5d7276d46e07e863102b70a52545ef4254df1ff0893ce75f",
                "sha256:eb313c23d983b7810504f42104e8dcd1c7ccdda8fbaab82aab92ab79fea19345",
                "sha256:f9cfd478654b509941b85ed70f870f5e3c74678f566bec12fd26545e5340ba47",
                "sha256:fae1fa144034d021a52cb9ea200eb8dedf91869c6df8202ad5d149b41ed91cc8"
            ],
            "version": "==5.0a5"
        },
        "entrypoints": {
            "hashes": [
                "sha256:589f874b313739ad35be6e0cd7efde2a4e9b6fea91edcc34e58ecbb8dbe56d19",
                "sha256:c70dd71abe5a8c85e55e12c19bd91ccfeec11a6e99044204511f9ed547d48451"
            ],
            "version": "==0.3"
        },
        "fastavro": {
            "hashes": [
                "sha256:0930500497586037f1ca4bcb0e929d388d8cd86d1f5c43a72ac46bfa1003c785",
                "sha256:0cf083c14b2a3c72704660e89480571ed2d4956cc5b79845905956d38d6eb7b6",
                "sha256:3dd785459a7cd3c17012374c8929c73f385274dbbeed784ceda7879a4681c70f",
                "sha256:49e671bcacc81b7b49f2c9f6f3db4b6201d5cf5809c321b33da3d2890c0f8481",
                "sha256:52fd6153c7fbce93cef4e1c169543357582815a7665c142ebd97f29b7fabfc79",
                "sha256:59b4a838c4f7b2646bf4d79fe3a0c4d546acf7e0bb65eda57eaa5ac76dc8dea9",
                "sha256:61bc6d2c575b76e69b3ed16ee67827d67d166baeea255151cace550801bc5040",
                "sha256:688e6fd5458ba673c1e1fff8ed25a27996e7ef5bcd73a50c6127d8c511703624",
                "sha256:6c39c04e8ea5a85c512335a68bf08f922901817d49c113dd74de3dfebe38701f",
                "sha256:76558659cce8d73f5fbd6084e362c25fcceae4e195e722b30d185f26416b0486",
                "sha256:783f8600af4fc94c799e67f9deb0aedc7432e440937921b7f743dfc0753864bd",
                "sha256:a94ca58353b972bc906713e02e8c5a173250070b5cfbf0271e347a8c810e32cf",
                "sha256:aaeac57f4c4249d7d7b4e3ca1a43444e61a5aa382c83fb7580059e90e502485f",
                "sha256:ca0eb9ff026490eb5c4ae83f48326932d6c206c4d9325e469ab79e4ad1956ac7",
                "sha256:db387ce862b9dc71ecd8760e05ac0ee30b55b557cc2e2f2b33df0f3cf6f12a05",
                "sha256:e9648a7dfe9358e550d093d546ae330d2a9e3246cbe5d7425a4ca17521ee7a72",
                "sha256:eaa08fc8d416314bab328e9fe26df562b28ced24346109dbbae4a81151269d0f",
                "sha256:fb492b325c9a373d62e3ea41b9b868ea276d0964e98adfa26c181f748a962bf3"
            ],
            "version": "==0.22.2"
        },
        "flake8": {
            "hashes": [
                "sha256:19241c1cbc971b9962473e4438a2ca19749a7dd002dd1a946eaba171b4114548",
                "sha256:8e9dfa3cecb2400b3738a42c54c3043e821682b9c840b0448c0503f781130696"
            ],
            "version": "==3.7.8"
        },
        "idna": {
            "hashes": [
                "sha256:c357b3f628cf53ae2c4c05627ecc484553142ca23264e593d327bcde5e9c3407",
                "sha256:ea8b7f6188e6fa117537c3df7da9fc686d485087abf6ac197f9c46432f7e4a3c"
            ],
            "version": "==2.8"
        },
        "importlib-metadata": {
            "hashes": [
                "sha256:6dfd58dfe281e8d240937776065dd3624ad5469c835248219bd16cf2e12dbeb7",
                "sha256:cb6ee23b46173539939964df59d3d72c3e0c1b5d54b84f1d8a7e912fe43612db"
            ],
            "version": "==0.18"
        },
        "kafkaesque": {
            "editable": true,
            "extras": [
                "test",
                "dev"
            ],
            "path": "."
        },
        "kazoo": {
            "hashes": [
                "sha256:8db774f7bdece7d0dc7decb21539ff0852e42c2ffe1c28d7f1ff6f9292a1c3a4",
                "sha256:a5fa2e400c5068cfee9e86b35cf0dab8232b574152d8e3590d823b3e2426ab5e"
            ],
            "version": "==2.5.0"
        },
        "mccabe": {
            "hashes": [
                "sha256:ab8a6258860da4b6677da4bd2fe5dc2c659cff31b3ee4f7f5d64e79735b80d42",
                "sha256:dd8d182285a0fe56bace7f45b5e7d1a6ebcbf524e8f3bd87eb0f125271b8831f"
            ],
            "version": "==0.6.1"
        },
        "more-itertools": {
            "hashes": [
                "sha256:3ad685ff8512bf6dc5a8b82ebf73543999b657eded8c11803d9ba6b648986f4d",
                "sha256:8bb43d1f51ecef60d81854af61a3a880555a14643691cc4b64a6ee269c78f09a"
            ],
            "version": "==7.1.0"
        },
        "packaging": {
            "hashes": [
                "sha256:0c98a5d0be38ed775798ece1b9727178c4469d9c3b4ada66e8e6b7849f8732af",
                "sha256:9e1cbf8c12b1f1ce0bb5344b8d7ecf66a6f8a6e91bcb0c84593ed6d3ab5c4ab3"
            ],
            "version": "==19.0"
        },
        "pendulum": {
            "hashes": [
                "sha256:1cde6e3c6310fb882c98f373795f807cb2bd6af01f34d2857e6e283b5ee91e09",
                "sha256:485aef2089defee88607d37d5bc238934d0b90993d7bf9ceb36e481af41e9c66",
                "sha256:57801754e05f30e8a7e4d24734c9fad82c6c3ec489151555f0fc66bb32ba6d6d",
                "sha256:7ee344bc87cb425b04717b90d14ffde14c1dd64eaa73060b3772edcf57f3e866",
                "sha256:c460f4d8dc41ec3c4377ac1807678cd72fe5e973cc2943c104ffdeaac32dacb7",
                "sha256:d3078e007315a959989c41cee5cfd63cfeeca21dd3d8295f4bc24199489e9b6c"
            ],
            "version": "==2.0.5"
        },
        "pluggy": {
            "hashes": [
                "sha256:0825a152ac059776623854c1543d65a4ad408eb3d33ee114dff91e57ec6ae6fc",
                "sha256:b9817417e95936bf75d85d3f8767f7df6cdde751fc40aed3bb3074cbcb77757c"
            ],
            "version": "==0.12.0"
        },
        "py": {
            "hashes": [
                "sha256:64f65755aee5b381cea27766a3a147c3f15b9b6b9ac88676de66ba2ae36793fa",
                "sha256:dc639b046a6e2cff5bbe40194ad65936d6ba360b52b3c3fe1d08a82dd50b5e53"
            ],
            "version": "==1.8.0"
        },
        "pycodestyle": {
            "hashes": [
                "sha256:95a2219d12372f05704562a14ec30bc76b05a5b297b21a5dfe3f6fac3491ae56",
                "sha256:e40a936c9a450ad81df37f549d676d127b1b66000a6c500caa2b085bc0ca976c"
            ],
            "version": "==2.5.0"
        },
        "pyflakes": {
            "hashes": [
                "sha256:17dbeb2e3f4d772725c777fabc446d5634d1038f234e77343108ce445ea69ce0",
                "sha256:d976835886f8c5b31d47970ed689944a0262b5f3afa00a5a7b4dc81e5449f8a2"
            ],
            "version": "==2.1.1"
        },
        "pykafka": {
            "hashes": [
                "sha256:9b45c60ba40550f5b460a5a1441154255666e5935eae88c3cfa3aaba1d541690"
            ],
            "version": "==2.8.1.dev1"
        },
        "pyparsing": {
            "hashes": [
                "sha256:1873c03321fc118f4e9746baf201ff990ceb915f433f23b395f5580d1840cb2a",
                "sha256:9b6323ef4ab914af344ba97510e966d64ba91055d6b9afa6b30799340e89cc03"
            ],
            "version": "==2.4.0"
        },
        "pytest": {
            "hashes": [
                "sha256:6ef6d06de77ce2961156013e9dff62f1b2688aa04d0dc244299fe7d67e09370d",
                "sha256:a736fed91c12681a7b34617c8fcefe39ea04599ca72c608751c31d89579a3f77"
            ],
            "version": "==5.0.1"
        },
        "pytest-cov": {
            "hashes": [
                "sha256:2b097cde81a302e1047331b48cadacf23577e431b61e9c6f49a1170bbe3d3da6",
                "sha256:e00ea4fdde970725482f1f35630d12f074e121a23801aabf2ae154ec6bdd343a"
            ],
            "version": "==2.7.1"
        },
        "pytest-mock": {
            "hashes": [
                "sha256:43ce4e9dd5074993e7c021bb1c22cbb5363e612a2b5a76bc6d956775b10758b7",
                "sha256:5bf5771b1db93beac965a7347dc81c675ec4090cb841e49d9d34637a25c30568"
            ],
            "version": "==1.10.4"
        },
        "python-dateutil": {
            "hashes": [
                "sha256:7e6584c74aeed623791615e26efd690f29817a27c73085b78e4bad02493df2fb",
                "sha256:c89805f6f4d64db21ed966fda138f8a5ed7a4fdbc1a8ee329ce1b74e3c74da9e"
            ],
            "version": "==2.8.0"
        },
        "pytzdata": {
            "hashes": [
                "sha256:c0c8316eaf6c25ba45816390a1a45c39790767069b3275c5f7de3ddf773eb810",
                "sha256:e8a91952afd853642a49f0713caac3e15a5306855ff4a47af4ddec5b7dd23a09"
            ],
            "version": "==2019.2"
        },
        "pyyaml": {
            "hashes": [
                "sha256:57acc1d8533cbe51f6662a55434f0dbecfa2b9eaf115bede8f6fd00115a0c0d3",
                "sha256:588c94b3d16b76cfed8e0be54932e5729cc185caffaa5a451e7ad2f7ed8b4043",
                "sha256:68c8dd247f29f9a0d09375c9c6b8fdc64b60810ebf07ba4cdd64ceee3a58c7b7",
                "sha256:70d9818f1c9cd5c48bb87804f2efc8692f1023dac7f1a1a5c61d454043c1d265",
                "sha256:86a93cccd50f8c125286e637328ff4eef108400dd7089b46a7be3445eecfa391",
                "sha256:a0f329125a926876f647c9fa0ef32801587a12328b4a3c741270464e3e4fa778",
                "sha256:a3c252ab0fa1bb0d5a3f6449a4826732f3eb6c0270925548cac342bc9b22c225",
                "sha256:b4bb4d3f5e232425e25dda21c070ce05168a786ac9eda43768ab7f3ac2770955",
                "sha256:cd0618c5ba5bda5f4039b9398bb7fb6a317bb8298218c3de25c47c4740e4b95e",
                "sha256:ceacb9e5f8474dcf45b940578591c7f3d960e82f926c707788a570b51ba59190",
                "sha256:fe6a88094b64132c4bb3b631412e90032e8cfe9745a58370462240b8cb7553cd"
            ],
            "version": "==5.1.1"
        },
        "requests": {
            "hashes": [
                "sha256:11e007a8a2aa0323f5a921e9e6a2d7e4e67d9877e85773fba9ba6419025cbeb4",
                "sha256:9cf5292fcd0f598c671cfc1e0d7d1a7f13bb8085e9a590f48c010551dc6c4b31"
            ],
            "version": "==2.22.0"
        },
        "six": {
            "hashes": [
                "sha256:3350809f0555b11f552448330d0b52d5f24c91a322ea4a15ef22629740f3761c",
                "sha256:d16a0141ec1a18405cd4ce8b4613101da75da0e9a7aec5bdd4fa804d0e0eba73"
            ],
            "version": "==1.12.0"
        },
        "tabulate": {
            "hashes": [
                "sha256:8af07a39377cee1103a5c8b3330a421c2d99b9141e9cc5ddd2e3263fea416943"
            ],
            "version": "==0.8.3"
        },
        "toml": {
            "hashes": [
                "sha256:229f81c57791a41d65e399fc06bf0848bab550a9dfd5ed66df18ce5f05e73d5c",
                "sha256:235682dd292d5899d361a811df37e04a8828a5b1da3115886b73cf81ebc9100e"
            ],
            "version": "==0.10.0"
        },
        "urllib3": {
            "hashes": [
                "sha256:b246607a25ac80bedac05c6f282e3cdaf3afb65420fd024ac94435cabe6e18d1",
                "sha256:dbe59173209418ae49d485b87d1681aefa36252ee85884c31346debd19463232"
            ],
            "version": "==1.25.3"
        },
        "virtualenv": {
            "hashes": [
                "sha256:b7335cddd9260a3dd214b73a2521ffc09647bde3e9457fcca31dc3be3999d04a",
                "sha256:d28ca64c0f3f125f59cabf13e0a150e1c68e5eea60983cc4395d88c584495783"
            ],
            "version": "==16.6.1"
        },
        "wcwidth": {
            "hashes": [
                "sha256:3df37372226d6e63e1b1e1eda15c594bca98a22d33a23832a90998faa96bc65e",
                "sha256:f4ebe71925af7b40a864553f761ed559b43544f8f71746c2d756c7fe788ade7c"
            ],
            "version": "==0.1.7"
        },
        "zipp": {
            "hashes": [
                "sha256:4970c3758f4e89a7857a973b1e2a5d75bcdc47794442f2e2dd4fe8e0466e809a",
                "sha256:8a5712cfd3bb4248015eb3b0b3c54a5f6ee3f2425963ef2a0125b8bc40aafaec"
            ],
            "version": "==0.5.2"
        }
    }
}
