{
    "_meta": {
        "hash": {
            "sha256": "39bdc1457e421be937c9db60e2b5bf93f09a746d17a48e1630febae254b35cb3"
        },
        "pipfile-spec": 6,
        "requires": {
            "python_version": "3.6"
        },
        "sources": [
            {
                "name": "pypi",
                "url": "https://pypi.org/simple",
                "verify_ssl": true
            }
        ]
    },
    "default": {},
    "develop": {
        "appdirs": {
            "hashes": [
                "sha256:9e5896d1372858f8dd3344faf4e5014d21849c756c8d5701f78f8a103b372d92",
                "sha256:d8b24664561d0d34ddfaec54636d502d7cea6e29c3eaf68f3df6180863e2166e"
            ],
            "version": "==1.4.3"
        },
        "atomicwrites": {
            "hashes": [
                "sha256:03472c30eb2c5d1ba9227e4c2ca66ab8287fbfbbda3888aa93dc2e28fc6811b4",
                "sha256:75a9445bac02d8d058d5e1fe689654ba5a6556a1dfd8ce6ec55a0ed79866cfa6"
            ],
            "version": "==1.3.0"
        },
        "attrs": {
            "hashes": [
                "sha256:69c0dbf2ed392de1cb5ec704444b08a5ef81680a61cb899dc08127123af36a79",
                "sha256:f0b870f674851ecbfbbbd364d6b5cbdff9dcedbc7f3f5e18a6891057f21fe399"
            ],
            "version": "==19.1.0"
        },
        "avro-python3": {
            "hashes": [
                "sha256:f82cf0d66189600b1e6b442f650ad5aca6c189576723dcbf6f9ce096eab81bd6"
            ],
            "version": "==1.8.2"
        },
        "black": {
            "hashes": [
                "sha256:09a9dcb7c46ed496a9850b76e4e825d6049ecd38b611f1224857a79bd985a8cf",
                "sha256:68950ffd4d9169716bcb8719a56c07a2f4485354fec061cdd5910aa07369731c"
            ],
            "version": "==19.3b0"
        },
        "certifi": {
            "hashes": [
                "sha256:e4f3620cfea4f83eedc95b24abd9cd56f3c4b146dd0177e83a21b4eb49e21e50",
                "sha256:fd7c7c74727ddcf00e9acd26bba8da604ffec95bf1c2144e67aff7a8b50e6cef"
            ],
            "version": "==2019.9.11"
        },
        "chardet": {
            "hashes": [
                "sha256:84ab92ed1c4d4f16916e05906b6b75a6c0fb5db821cc65e70cbd64a3e2a5eaae",
                "sha256:fc323ffcaeaed0e0a02bf4d117757b98aed530d9ed4531e3e15460124c106691"
            ],
            "version": "==3.0.4"
        },
        "click": {
            "hashes": [
                "sha256:2335065e6395b9e67ca716de5f7526736bfa6ceead690adf616d925bdc622b13",
                "sha256:5b94b49521f6456670fdb30cd82a4eca9412788a93fa6dd6df72c94d5a8ff2d7"
            ],
            "version": "==7.0"
        },
        "confluent-kafka": {
            "hashes": [
                "sha256:13d0146850c046b9e3dabbcb60bd7c4f02c7d4754b693266ee5bb0884faea2c7",
                "sha256:1505de9c652f9b841ba600f35e6a7f4cae2e239e9b8255212433756d17c1aeed",
                "sha256:1832373eee96b0ef246c773ec2613c382bf4577f0d42e2ce688e8d35ca373e69",
                "sha256:3001d09e5efa357eb9f3166ef54703166d7b662eb55841b760a346313ca717ee",
                "sha256:31b934aa821e4d6aff06dd260b14c03ca58a532bb160032acff573e2de0a4467",
                "sha256:359d776fb0381147e4c9981676d3907f9dbd12733597a6fec455e5a516728ae2",
                "sha256:472f63ee352a1464ff40325cc3a86aae2685716985bb2c9cad7e574f4203d664",
                "sha256:53ec15b8b76109489c77c0fe3d2f5ff71398cef2db74053c4818f6667a14471d",
                "sha256:6299420c462b274095d4624cf246dc90e49d6d3c1acd8b7222d39eb407476301",
                "sha256:8a497aee87d01891090c9c59ee760387bc41c718a358dadc926a6cae36dfa4fa",
                "sha256:8bd48e88b2d9ba42b58e8c5c1a266a4a7945757d1ae1c2bad3c0fbdf7b52c5e5",
                "sha256:92684d50215c111025ebb40c813f695fd9df69f763f04e9b25fc4fd67e5c0d06",
                "sha256:957417782592136c91c81d7161be8c6fc334f65d229a672d18c4cc85a0a09532",
                "sha256:a41eda5c84e153e0ec8d854c064ebe242a8a6993f9069f6ae83dfd5f9dda1ac6",
                "sha256:b4e5b7f5f597d4a40e0148e1fe509ab800231542ce7e8765265e8c251e6e3983",
                "sha256:c41d12f4e1deb54e1fa6e40260d95aa7b1c1ebfa4bbddb8a03f06fde3611da71",
                "sha256:c8b75e6e803e1a4346d12f212ead3871f86cf21e4d6b5028e8701f8e9c8f105b",
                "sha256:c8dee478a46a9352224fce1d12756cff6cf50e2684121a118141c7908ae9ed3e",
                "sha256:d072825c0f9dec85ebc5eaa887c324914cb3631c884b35fc3c173663d4222a3a",
                "sha256:d328d11edfe049cbdd6bf0792bcff9a9afce26c25124f198fe0ea1f910b529b3",
                "sha256:d52708474daec030399cf45a6bff55b13d631cdba6cc6546da351f675a901d44",
                "sha256:dd02a60145961957ad293aed30a435de2069024aec134575bea937e50df211b3",
                "sha256:eb900ef15b340a87185412b906cbef2450ab68907b84988a6af7fc8e1b017b6c",
                "sha256:fa5d985e30fbcbccaf8b9b1e52137abfbbe0f913fc1baddb96b9476824013411",
                "sha256:fb8ba7ddf85c80eb4d2e3c2f1b362793b9f5c78950bc1e93f60423241071fd9b",
                "sha256:ff80ceca738f52d9058d146b7b063092a88281362606e6c917af2a9e60087a3d"
            ],
            "version": "==1.1.0"
        },
        "coverage": {
            "hashes": [
                "sha256:094378c3a35594335a840ea04d473c019e6d4fe10e343cd0d7fb5e87f8b7e926",
                "sha256:10216222f3e4139910b6230d0ca0fe9d10ee98837eb83d29525722d628729d20",
                "sha256:147478e21cba12c63b3454df5a2fb77b44df630428cffa3a36a6813e38157eab",
                "sha256:230ce08965190c0f69196be34a07a795981b2b02b21419c2e1918a882b3eeab0",
                "sha256:2469621d680a4c71cdbd3ea4dbed9d199bba93f21d2be1c107ded907b2db41a8",
                "sha256:26526174d11fb2163832628d943edd452e07528b0ecc0c83c88256a59a32287c",
                "sha256:2690bf0835f34ef3451860b02471e9560e4b3caf7413abeaa7544af72eb6d9ed",
                "sha256:2b6f2d9a60413e75651cebe33c3f2f66d61209db44e8b9cf6d8d66fb0cb01fda",
                "sha256:3ce91c6b92160ecefedf95a8c61fbf4fb36b0addef1a40c654acf1ad390653d0",
                "sha256:43d16d7e9e9eaace3d9f1828b617b1be248f90d031a4b2dc1b6e1c88f1602dcf",
                "sha256:52b6455da5f547cad72fd5cfc57a16678573fda6c695d257b5c266a44dbbd172",
                "sha256:533f3036c8f58e6381fcca3306fe988740638c62c7fc86b7fae9c74b85ac3cdc",
                "sha256:62d2abe5c733394058cb381d088bcab64a18da3ce9dc9a8ef2a18e122cbe47f1",
                "sha256:72c34f99164679e44a5cbf19bf1a13be4e715c680816302b6ceca49b979fde91",
                "sha256:81fc07feed4e40a7c0bdd266efa65e5afc83b5e0f1063007acc6759a957322a1",
                "sha256:82093e673182c761ce54dfab17f026a06be3c011fee9b653855b9a2649f20232",
                "sha256:87947fef728f72860407c446fd9b4a0f98e39e91ad7ae80803c02a85738e63ef",
                "sha256:8b18c5a5a6b35b6311d2c356782ce3c7bacf6d987d9dc479178577391bf1c7dd",
                "sha256:90e1850e993aa6b81bafaf672c8e508eaa17fbb5eb23aba93f7f4df822f3bd29",
                "sha256:99f71e365bcb03a8debe1a75061329c9e45379f244a229442319d64c53c4e844",
                "sha256:9b2c559104a90bf0043d6ef262ca205326d1fe6ec572dcf59e34be9289432793",
                "sha256:ad22b073d92ea65b063e612154c72d6367dec3dd47ed33c02e3ab339eabe7bf3",
                "sha256:bc3648da235fee2113a8cb80154d9fff4e2689d2d4a11ad35c1ecae23454b539",
                "sha256:d0e2478bde68c5d853bcd306b5aae8fbe80417e87957a21fa6ee71edb90639f2",
                "sha256:d3e6912d2370925222d2bfb3bd2ba02e9698b8da89cf7192ddf80cbb9f2455ee",
                "sha256:d4fa98e3e15863568ea89eaec5e0866ca763980bdc56098dd9316865c111a28e",
                "sha256:ee924a23457b373241ff39d21570360afd8ccb58520eb1e8e18eb00827b73e2d"
            ],
            "version": "==5.0a7"
        },
        "entrypoints": {
            "hashes": [
                "sha256:589f874b313739ad35be6e0cd7efde2a4e9b6fea91edcc34e58ecbb8dbe56d19",
                "sha256:c70dd71abe5a8c85e55e12c19bd91ccfeec11a6e99044204511f9ed547d48451"
            ],
            "version": "==0.3"
        },
        "fastavro": {
            "hashes": [
                "sha256:1ad80ce952b29624011ea2cde191a3a1f60d79938d3726322d7cb6d6b9edfee3",
                "sha256:2986cbef684de1940548f083049100f80531ddacda4cf3f32d53f92ffa32b88f",
                "sha256:3b912c12a2aead83e33dbac05039beff8e7d5faaa9881f4c7ff60c4a33d26ab1",
                "sha256:552aa72b657ebde7ee79527936d49d58f7b0f6e47fa225d79ad848c64bef27da",
                "sha256:57684a5ac249eb435af0192d4f7900236095c82964832f6ba4d11485408f0781",
                "sha256:64c0f8c85dec719c595eb1188b85790af6a1c69d8482f536ef46fdeaeab1cd65",
                "sha256:6a53ce6673a892521b34de0455f7e12e89d671a6acd6cfd3d0c740d7ea249306",
                "sha256:79a067c3243d25f7459913e3bb3aad411e9a6d603c27b4dd7fec86c4445eff23",
                "sha256:94eaf42dbeba01f261897db18d6d8386aa4aeca63d7d7e0927c56e9718dc809a",
                "sha256:a8e4d19ac741f62129a96f12326bc85f4430a72626e3164e8177eea31e60c793",
                "sha256:aa7743b75c65a643047cb55c35bd292fe572fa7b9c35e9991fc38ae4efd1c7dd",
                "sha256:abc39183b7f0eedf36f49ad5b60bc451ac96c6514393a0ef4cded754f72550f4",
                "sha256:cd2a9e8d4c75f186c19ae9e2e895ee2c784cac101c7f6e5a33fe06bddd199af1",
                "sha256:d6b45665a9f99ae56186343aa69a318a07f964e8fc0d5bf73ed02bf395c017d6",
                "sha256:e67595b42120f018a086e8646dd89ab2ae2c37f7b07db35dbcc967932a769154",
                "sha256:e70ca8781e23cba8989800971d0843e4a9812bfdf999bff7d78fa45332e28b5c",
                "sha256:eed7ee9103a9d61265507321d781b7a8661041841bb972132a01fd2adab71545",
                "sha256:f7ccb202e71338600cdf2936d0293f4616bf34a79ccc089f186678de4f6574c7"
            ],
            "version": "==0.22.5"
        },
        "flake8": {
            "hashes": [
                "sha256:19241c1cbc971b9962473e4438a2ca19749a7dd002dd1a946eaba171b4114548",
                "sha256:8e9dfa3cecb2400b3738a42c54c3043e821682b9c840b0448c0503f781130696"
            ],
            "version": "==3.7.8"
        },
        "idna": {
            "hashes": [
                "sha256:c357b3f628cf53ae2c4c05627ecc484553142ca23264e593d327bcde5e9c3407",
                "sha256:ea8b7f6188e6fa117537c3df7da9fc686d485087abf6ac197f9c46432f7e4a3c"
            ],
            "version": "==2.8"
        },
        "importlib-metadata": {
            "hashes": [
                "sha256:aa18d7378b00b40847790e7c27e11673d7fed219354109d0e7b9e5b25dc3ad26",
                "sha256:d5f18a79777f3aa179c145737780282e27b508fc8fd688cb17c7a813e8bd39af"
            ],
            "markers": "python_version < '3.8'",
            "version": "==0.23"
        },
        "kafkaesque": {
            "editable": true,
            "extras": [
                "test",
                "dev"
            ],
            "path": "."
        },
        "kazoo": {
            "hashes": [
                "sha256:8db774f7bdece7d0dc7decb21539ff0852e42c2ffe1c28d7f1ff6f9292a1c3a4",
                "sha256:a5fa2e400c5068cfee9e86b35cf0dab8232b574152d8e3590d823b3e2426ab5e"
            ],
            "version": "==2.5.0"
        },
        "mccabe": {
            "hashes": [
                "sha256:ab8a6258860da4b6677da4bd2fe5dc2c659cff31b3ee4f7f5d64e79735b80d42",
                "sha256:dd8d182285a0fe56bace7f45b5e7d1a6ebcbf524e8f3bd87eb0f125271b8831f"
            ],
            "version": "==0.6.1"
        },
        "more-itertools": {
            "hashes": [
                "sha256:409cd48d4db7052af495b09dec721011634af3753ae1ef92d2b32f73a745f832",
                "sha256:92b8c4b06dac4f0611c0729b2f2ede52b2e1bac1ab48f089c7ddc12e26bb60c4"
            ],
            "version": "==7.2.0"
        },
        "packaging": {
            "hashes": [
                "sha256:28b924174df7a2fa32c1953825ff29c61e2f5e082343165438812f00d3a7fc47",
                "sha256:d9551545c6d761f3def1677baf08ab2a3ca17c56879e70fecba2fc4dde4ed108"
            ],
            "version": "==19.2"
        },
        "pendulum": {
            "hashes": [
                "sha256:1cde6e3c6310fb882c98f373795f807cb2bd6af01f34d2857e6e283b5ee91e09",
                "sha256:485aef2089defee88607d37d5bc238934d0b90993d7bf9ceb36e481af41e9c66",
                "sha256:57801754e05f30e8a7e4d24734c9fad82c6c3ec489151555f0fc66bb32ba6d6d",
                "sha256:7ee344bc87cb425b04717b90d14ffde14c1dd64eaa73060b3772edcf57f3e866",
                "sha256:c460f4d8dc41ec3c4377ac1807678cd72fe5e973cc2943c104ffdeaac32dacb7",
                "sha256:d3078e007315a959989c41cee5cfd63cfeeca21dd3d8295f4bc24199489e9b6c"
            ],
            "version": "==2.0.5"
        },
        "pluggy": {
            "hashes": [
                "sha256:0db4b7601aae1d35b4a033282da476845aa19185c1e6964b25cf324b5e4ec3e6",
                "sha256:fa5fa1622fa6dd5c030e9cad086fa19ef6a0cf6d7a2d12318e10cb49d6d68f34"
            ],
            "version": "==0.13.0"
        },
        "py": {
            "hashes": [
                "sha256:64f65755aee5b381cea27766a3a147c3f15b9b6b9ac88676de66ba2ae36793fa",
                "sha256:dc639b046a6e2cff5bbe40194ad65936d6ba360b52b3c3fe1d08a82dd50b5e53"
            ],
            "version": "==1.8.0"
        },
        "pycodestyle": {
            "hashes": [
                "sha256:95a2219d12372f05704562a14ec30bc76b05a5b297b21a5dfe3f6fac3491ae56",
                "sha256:e40a936c9a450ad81df37f549d676d127b1b66000a6c500caa2b085bc0ca976c"
            ],
            "version": "==2.5.0"
        },
        "pyflakes": {
            "hashes": [
                "sha256:17dbeb2e3f4d772725c777fabc446d5634d1038f234e77343108ce445ea69ce0",
                "sha256:d976835886f8c5b31d47970ed689944a0262b5f3afa00a5a7b4dc81e5449f8a2"
            ],
            "version": "==2.1.1"
        },
        "pykafka": {
            "hashes": [
                "sha256:9b45c60ba40550f5b460a5a1441154255666e5935eae88c3cfa3aaba1d541690"
            ],
            "version": "==2.8.1.dev1"
        },
        "pyparsing": {
            "hashes": [
                "sha256:6f98a7b9397e206d78cc01df10131398f1c8b8510a2f4d97d9abd82e1aacdd80",
                "sha256:d9338df12903bbf5d65a0e4e87c2161968b10d2e489652bb47001d82a9b028b4"
            ],
            "version": "==2.4.2"
        },
        "pytest": {
            "hashes": [
                "sha256:813b99704b22c7d377bbd756ebe56c35252bb710937b46f207100e843440b3c2",
                "sha256:cc6620b96bc667a0c8d4fa592a8c9c94178a1bd6cc799dbb057dfd9286d31a31"
            ],
            "version": "==5.1.3"
        },
        "pytest-cov": {
            "hashes": [
                "sha256:2b097cde81a302e1047331b48cadacf23577e431b61e9c6f49a1170bbe3d3da6",
                "sha256:e00ea4fdde970725482f1f35630d12f074e121a23801aabf2ae154ec6bdd343a"
            ],
            "version": "==2.7.1"
        },
        "pytest-mock": {
            "hashes": [
                "sha256:43ce4e9dd5074993e7c021bb1c22cbb5363e612a2b5a76bc6d956775b10758b7",
                "sha256:5bf5771b1db93beac965a7347dc81c675ec4090cb841e49d9d34637a25c30568"
            ],
            "version": "==1.10.4"
        },
        "python-dateutil": {
            "hashes": [
                "sha256:7e6584c74aeed623791615e26efd690f29817a27c73085b78e4bad02493df2fb",
                "sha256:c89805f6f4d64db21ed966fda138f8a5ed7a4fdbc1a8ee329ce1b74e3c74da9e"
            ],
            "version": "==2.8.0"
        },
        "pytzdata": {
            "hashes": [
                "sha256:84c52b9a47d097fcd483f047a544979de6c3a86e94c845e3569e9f8acd0fa071",
                "sha256:fac06f7cdfa903188dc4848c655e4adaee67ee0f2fe08e7daf815cf2a761ee5e"
            ],
            "version": "==2019.3"
        },
        "pyyaml": {
            "hashes": [
                "sha256:0113bc0ec2ad727182326b61326afa3d1d8280ae1122493553fd6f4397f33df9",
                "sha256:01adf0b6c6f61bd11af6e10ca52b7d4057dd0be0343eb9283c878cf3af56aee4",
                "sha256:5124373960b0b3f4aa7df1707e63e9f109b5263eca5976c66e08b1c552d4eaf8",
                "sha256:5ca4f10adbddae56d824b2c09668e91219bb178a1eee1faa56af6f99f11bf696",
                "sha256:7907be34ffa3c5a32b60b95f4d95ea25361c951383a894fec31be7252b2b6f34",
                "sha256:7ec9b2a4ed5cad025c2278a1e6a19c011c80a3caaac804fd2d329e9cc2c287c9",
                "sha256:87ae4c829bb25b9fe99cf71fbb2140c448f534e24c998cc60f39ae4f94396a73",
                "sha256:9de9919becc9cc2ff03637872a440195ac4241c80536632fffeb6a1e25a74299",
                "sha256:a5a85b10e450c66b49f98846937e8cfca1db3127a9d5d1e31ca45c3d0bef4c5b",
                "sha256:b0997827b4f6a7c286c01c5f60384d218dca4ed7d9efa945c3e1aa623d5709ae",
                "sha256:b631ef96d3222e62861443cc89d6563ba3eeb816eeb96b2629345ab795e53681",
                "sha256:bf47c0607522fdbca6c9e817a6e81b08491de50f3766a7a0e6a5be7905961b41",
                "sha256:f81025eddd0327c7d4cfe9b62cf33190e1e736cc6e97502b3ec425f574b3e7a8"
            ],
            "version": "==5.1.2"
        },
        "requests": {
            "hashes": [
                "sha256:11e007a8a2aa0323f5a921e9e6a2d7e4e67d9877e85773fba9ba6419025cbeb4",
                "sha256:9cf5292fcd0f598c671cfc1e0d7d1a7f13bb8085e9a590f48c010551dc6c4b31"
            ],
            "version": "==2.22.0"
        },
        "six": {
            "hashes": [
                "sha256:3350809f0555b11f552448330d0b52d5f24c91a322ea4a15ef22629740f3761c",
                "sha256:d16a0141ec1a18405cd4ce8b4613101da75da0e9a7aec5bdd4fa804d0e0eba73"
            ],
            "version": "==1.12.0"
        },
        "tabulate": {
            "hashes": [
                "sha256:8af07a39377cee1103a5c8b3330a421c2d99b9141e9cc5ddd2e3263fea416943"
            ],
            "version": "==0.8.3"
        },
        "toml": {
            "hashes": [
                "sha256:229f81c57791a41d65e399fc06bf0848bab550a9dfd5ed66df18ce5f05e73d5c",
                "sha256:235682dd292d5899d361a811df37e04a8828a5b1da3115886b73cf81ebc9100e"
            ],
            "version": "==0.10.0"
        },
        "urllib3": {
            "hashes": [
                "sha256:2f3eadfea5d92bc7899e75b5968410b749a054b492d5a6379c1344a1481bc2cb",
                "sha256:9c6c593cb28f52075016307fc26b0a0f8e82bc7d1ff19aaaa959b91710a56c47"
            ],
            "version": "==1.25.5"
        },
        "virtualenv": {
            "hashes": [
                "sha256:680af46846662bb38c5504b78bad9ed9e4f3ba2d54f54ba42494fdf94337fe30",
                "sha256:f78d81b62d3147396ac33fc9d77579ddc42cc2a98dd9ea38886f616b33bc7fb2"
            ],
            "version": "==16.7.5"
        },
        "wcwidth": {
            "hashes": [
                "sha256:3df37372226d6e63e1b1e1eda15c594bca98a22d33a23832a90998faa96bc65e",
                "sha256:f4ebe71925af7b40a864553f761ed559b43544f8f71746c2d756c7fe788ade7c"
            ],
            "version": "==0.1.7"
        },
        "zipp": {
            "hashes": [
                "sha256:3718b1cbcd963c7d4c5511a8240812904164b7f381b647143a89d3b98f9bcd8e",
                "sha256:f06903e9f1f43b12d371004b4ac7b06ab39a44adc747266928ae6debfa7b3335"
            ],
            "version": "==0.6.0"
        }
    }
}
