[[package]]
category = "dev"
description = "A small Python module for determining appropriate platform-specific dirs, e.g. a \"user data dir\"."
name = "appdirs"
optional = false
python-versions = "*"
version = "1.4.4"

[[package]]
category = "dev"
description = "Atomic file writes."
marker = "sys_platform == \"win32\""
name = "atomicwrites"
optional = false
python-versions = ">=2.7, !=3.0.*, !=3.1.*, !=3.2.*, !=3.3.*"
version = "1.4.0"

[[package]]
category = "dev"
description = "Classes Without Boilerplate"
name = "attrs"
optional = false
python-versions = ">=2.7, !=3.0.*, !=3.1.*, !=3.2.*, !=3.3.*"
version = "20.2.0"

[[package]]
category = "main"
description = "Avro is a serialization and RPC framework."
name = "avro-python3"
optional = false
python-versions = "*"
version = "1.8.2"

[[package]]
category = "dev"
description = "Security oriented static analyser for python code."
name = "bandit"
optional = false
python-versions = "*"
version = "1.6.2"

[package.dependencies]
GitPython = ">=1.0.1"
PyYAML = ">=3.13"
colorama = ">=0.3.9"
six = ">=1.10.0"
stevedore = ">=1.20.0"

[[package]]
category = "dev"
description = "The uncompromising code formatter."
name = "black"
optional = false
python-versions = ">=3.6"
version = "19.3b0"

[package.dependencies]
appdirs = "*"
attrs = ">=18.1.0"
click = ">=6.5"
toml = ">=0.9.4"

[[package]]
category = "main"
description = "Python package for providing Mozilla's CA Bundle."
name = "certifi"
optional = false
python-versions = "*"
version = "2020.6.20"

[[package]]
category = "main"
description = "Universal encoding detector for Python 2 and 3"
name = "chardet"
optional = false
python-versions = "*"
version = "3.0.4"

[[package]]
category = "main"
description = "Composable command line interface toolkit"
name = "click"
optional = false
python-versions = ">=2.7, !=3.0.*, !=3.1.*, !=3.2.*, !=3.3.*, !=3.4.*"
version = "7.1.2"

[[package]]
category = "dev"
description = "Cross-platform colored terminal text."
marker = "sys_platform == \"win32\" or platform_system == \"Windows\""
name = "colorama"
optional = false
python-versions = ">=2.7, !=3.0.*, !=3.1.*, !=3.2.*, !=3.3.*, !=3.4.*"
version = "0.4.4"

[[package]]
category = "main"
description = "Confluent's Python client for Apache Kafka"
name = "confluent-kafka"
optional = false
python-versions = "*"
version = "1.3.0"

[package.dependencies]
fastavro = "*"
requests = "*"

[package.dependencies.avro-python3]
python = ">=3.1"
version = "*"

[[package]]
category = "dev"
description = "Code coverage measurement for Python"
name = "coverage"
optional = false
python-versions = ">=2.7, !=3.0.*, !=3.1.*, !=3.2.*, !=3.3.*, !=3.4.*, <4"
version = "5.3"

[[package]]
category = "dev"
description = "Show coverage stats online via coveralls.io"
name = "coveralls"
optional = false
python-versions = "*"
version = "1.11.1"

[package.dependencies]
coverage = ">=3.6,<6.0"
docopt = ">=0.6.1"
requests = ">=1.0.0"

[[package]]
category = "dev"
description = "Pythonic argument parser, that will make you smile"
name = "docopt"
optional = false
python-versions = "*"
version = "0.6.2"

[[package]]
category = "main"
description = "Fast read/write of AVRO files"
name = "fastavro"
optional = false
python-versions = "*"
version = "0.22.13"

[package.dependencies]
pytz = "*"

[[package]]
category = "dev"
description = "the modular source code checker: pep8 pyflakes and co"
name = "flake8"
optional = false
python-versions = "!=3.0.*,!=3.1.*,!=3.2.*,!=3.3.*,>=2.7"
version = "3.8.4"

[package.dependencies]
mccabe = ">=0.6.0,<0.7.0"
pycodestyle = ">=2.6.0a1,<2.7.0"
pyflakes = ">=2.2.0,<2.3.0"

[package.dependencies.importlib-metadata]
python = "<3.8"
version = "*"

[[package]]
category = "dev"
description = "Git Object Database"
name = "gitdb"
optional = false
python-versions = ">=3.4"
version = "4.0.5"

[package.dependencies]
smmap = ">=3.0.1,<4"

[[package]]
category = "dev"
description = "Python Git Library"
name = "gitpython"
optional = false
python-versions = ">=3.4"
version = "3.1.9"

[package.dependencies]
gitdb = ">=4.0.1,<5"

[[package]]
category = "main"
description = "Internationalized Domain Names in Applications (IDNA)"
name = "idna"
optional = false
python-versions = ">=2.7, !=3.0.*, !=3.1.*, !=3.2.*, !=3.3.*"
version = "2.10"

[[package]]
category = "dev"
description = "Read metadata from Python packages"
marker = "python_version < \"3.8\""
name = "importlib-metadata"
optional = false
python-versions = "!=3.0.*,!=3.1.*,!=3.2.*,!=3.3.*,!=3.4.*,>=2.7"
version = "2.0.0"

[package.dependencies]
zipp = ">=0.5"

[[package]]
category = "dev"
description = "A Python utility / library to sort Python imports."
name = "isort"
optional = false
python-versions = ">=2.7, !=3.0.*, !=3.1.*, !=3.2.*, !=3.3.*"
version = "4.3.21"

[package.dependencies]
toml = "*"

[[package]]
category = "main"
description = "Pure Python client for Apache Kafka"
name = "kafka-python"
optional = false
python-versions = "*"
version = "2.0.2"

[[package]]
category = "main"
description = "Higher Level Zookeeper Client"
name = "kazoo"
optional = false
python-versions = "*"
version = "2.5.0"

[package.dependencies]
six = "*"

[[package]]
category = "dev"
description = "McCabe checker, plugin for flake8"
name = "mccabe"
optional = false
python-versions = "*"
version = "0.6.1"

[[package]]
category = "dev"
description = "More routines for operating on iterables, beyond itertools"
name = "more-itertools"
optional = false
python-versions = ">=3.5"
version = "8.5.0"

[[package]]
category = "dev"
description = "Core utilities for Python packages"
name = "packaging"
optional = false
python-versions = ">=2.7, !=3.0.*, !=3.1.*, !=3.2.*, !=3.3.*"
version = "20.4"

[package.dependencies]
pyparsing = ">=2.0.2"
six = "*"

[[package]]
category = "dev"
description = "Python Build Reasonableness"
name = "pbr"
optional = false
python-versions = ">=2.6"
version = "5.5.0"

[[package]]
category = "main"
description = "Python datetimes made easy"
name = "pendulum"
optional = false
python-versions = ">=2.7, !=3.0.*, !=3.1.*, !=3.2.*, !=3.3.*, !=3.4.*"
version = "2.1.2"

[package.dependencies]
python-dateutil = ">=2.6,<3.0"
pytzdata = ">=2020.1"

[[package]]
category = "dev"
description = "plugin and hook calling mechanisms for python"
name = "pluggy"
optional = false
python-versions = ">=2.7, !=3.0.*, !=3.1.*, !=3.2.*, !=3.3.*"
version = "0.13.1"

[package.dependencies]
[package.dependencies.importlib-metadata]
python = "<3.8"
version = ">=0.12"

[[package]]
category = "dev"
description = "library with cross-python path, ini-parsing, io, code, log facilities"
name = "py"
optional = false
python-versions = ">=2.7, !=3.0.*, !=3.1.*, !=3.2.*, !=3.3.*"
version = "1.9.0"

[[package]]
category = "dev"
description = "Python style guide checker"
name = "pycodestyle"
optional = false
python-versions = ">=2.7, !=3.0.*, !=3.1.*, !=3.2.*, !=3.3.*"
version = "2.6.0"

[[package]]
category = "dev"
description = "passive checker of Python programs"
name = "pyflakes"
optional = false
python-versions = ">=2.7, !=3.0.*, !=3.1.*, !=3.2.*, !=3.3.*"
version = "2.2.0"

[[package]]
category = "main"
description = "Full-Featured Pure-Python Kafka Client"
name = "pykafka"
optional = false
python-versions = "*"
version = "2.8.0"

[package.dependencies]
kazoo = "2.5.0"
six = ">=1.5"
tabulate = "*"

[[package]]
category = "dev"
description = "Python parsing module"
name = "pyparsing"
optional = false
python-versions = ">=2.6, !=3.0.*, !=3.1.*, !=3.2.*"
version = "2.4.7"

[[package]]
category = "dev"
description = "pytest: simple powerful testing with Python"
name = "pytest"
optional = false
python-versions = ">=3.5"
version = "5.4.3"

[package.dependencies]
atomicwrites = ">=1.0"
attrs = ">=17.4.0"
colorama = "*"
more-itertools = ">=4.0.0"
packaging = "*"
pluggy = ">=0.12,<1.0"
py = ">=1.5.0"
wcwidth = "*"

[package.dependencies.importlib-metadata]
python = "<3.8"
version = ">=0.12"

[[package]]
category = "dev"
description = "Pytest plugin for measuring coverage."
name = "pytest-cov"
optional = false
python-versions = ">=2.7, !=3.0.*, !=3.1.*, !=3.2.*, !=3.3.*, !=3.4.*"
version = "2.10.1"

[package.dependencies]
coverage = ">=4.4"
pytest = ">=4.6"

[[package]]
category = "dev"
description = "Thin-wrapper around the mock package for easier use with py.test"
name = "pytest-mock"
optional = false
python-versions = ">=2.7, !=3.0.*, !=3.1.*, !=3.2.*, !=3.3.*"
version = "1.13.0"

[package.dependencies]
pytest = ">=2.7"

[[package]]
category = "main"
description = "Extensions to the standard Python datetime module"
name = "python-dateutil"
optional = false
python-versions = "!=3.0.*,!=3.1.*,!=3.2.*,>=2.7"
version = "2.8.1"

[package.dependencies]
six = ">=1.5"

[[package]]
category = "main"
description = "World timezone definitions, modern and historical"
name = "pytz"
optional = false
python-versions = "*"
version = "2020.1"

[[package]]
category = "main"
description = "The Olson timezone database for Python."
name = "pytzdata"
optional = false
python-versions = ">=2.7, !=3.0.*, !=3.1.*, !=3.2.*, !=3.3.*"
version = "2020.1"

[[package]]
category = "main"
description = "YAML parser and emitter for Python"
name = "pyyaml"
optional = false
python-versions = ">=2.7, !=3.0.*, !=3.1.*, !=3.2.*, !=3.3.*, !=3.4.*"
version = "5.3.1"

[[package]]
category = "main"
description = "Python HTTP for Humans."
name = "requests"
optional = false
python-versions = ">=2.7, !=3.0.*, !=3.1.*, !=3.2.*, !=3.3.*, !=3.4.*"
version = "2.24.0"

[package.dependencies]
certifi = ">=2017.4.17"
chardet = ">=3.0.2,<4"
idna = ">=2.5,<3"
urllib3 = ">=1.21.1,<1.25.0 || >1.25.0,<1.25.1 || >1.25.1,<1.26"

[[package]]
category = "main"
description = "Python 2 and 3 compatibility utilities"
name = "six"
optional = false
python-versions = ">=2.7, !=3.0.*, !=3.1.*, !=3.2.*"
version = "1.15.0"

[[package]]
category = "dev"
description = "A pure Python implementation of a sliding window memory map manager"
name = "smmap"
optional = false
python-versions = ">=2.7, !=3.0.*, !=3.1.*, !=3.2.*, !=3.3.*"
version = "3.0.4"

[[package]]
category = "dev"
description = "Manage dynamic plugins for Python applications"
name = "stevedore"
optional = false
python-versions = ">=3.6"
version = "3.2.2"

[package.dependencies]
pbr = ">=2.0.0,<2.1.0 || >2.1.0"

[package.dependencies.importlib-metadata]
python = "<3.8"
version = ">=1.7.0"

[[package]]
category = "main"
description = "Pretty-print tabular data"
name = "tabulate"
optional = false
python-versions = "*"
version = "0.8.7"

[[package]]
category = "main"
description = "Python Library for Tom's Obvious, Minimal Language"
name = "toml"
optional = false
python-versions = "*"
version = "0.10.1"

[[package]]
category = "main"
description = "HTTP library with thread-safe connection pooling, file post, and more."
name = "urllib3"
optional = false
python-versions = ">=2.7, !=3.0.*, !=3.1.*, !=3.2.*, !=3.3.*, !=3.4.*, <4"
version = "1.25.10"

[[package]]
category = "dev"
description = "Measures the displayed width of unicode strings in a terminal"
name = "wcwidth"
optional = false
python-versions = "*"
version = "0.2.5"

[[package]]
category = "main"
description = "A schema and validator for YAML."
name = "yamale"
optional = false
python-versions = "*"
version = "2.2.0"

[package.dependencies]
pyyaml = "*"

[[package]]
category = "dev"
description = "Backport of pathlib-compatible object wrapper for zip files"
marker = "python_version < \"3.8\""
name = "zipp"
optional = false
python-versions = ">=3.6"
version = "3.3.1"

[metadata]
content-hash = "f9b6efae30f510ee6b89e78220af4d6333bbff027c6d0960d7e18daa196fcbf0"
python-versions = "^3.6"

[metadata.hashes]
appdirs = ["7d5d0167b2b1ba821647616af46a749d1c653740dd0d2415100fe26e27afdf41", "a841dacd6b99318a741b166adb07e19ee71a274450e68237b4650ca1055ab128"]
atomicwrites = ["6d1784dea7c0c8d4a5172b6c620f40b6e4cbfdf96d783691f2e1302a7b88e197", "ae70396ad1a434f9c7046fd2dd196fc04b12f9e91ffb859164193be8b6168a7a"]
attrs = ["26b54ddbbb9ee1d34d5d3668dd37d6cf74990ab23c828c2888dccdceee395594", "fce7fc47dfc976152e82d53ff92fa0407700c21acd20886a13777a0d20e655dc"]
avro-python3 = ["f82cf0d66189600b1e6b442f650ad5aca6c189576723dcbf6f9ce096eab81bd6"]
bandit = ["336620e220cf2d3115877685e264477ff9d9abaeb0afe3dc7264f55fa17a3952", "41e75315853507aa145d62a78a2a6c5e3240fe14ee7c601459d0df9418196065"]
black = ["09a9dcb7c46ed496a9850b76e4e825d6049ecd38b611f1224857a79bd985a8cf", "68950ffd4d9169716bcb8719a56c07a2f4485354fec061cdd5910aa07369731c"]
certifi = ["5930595817496dd21bb8dc35dad090f1c2cd0adfaf21204bf6732ca5d8ee34d3", "8fc0819f1f30ba15bdb34cceffb9ef04d99f420f68eb75d901e9560b8749fc41"]
chardet = ["84ab92ed1c4d4f16916e05906b6b75a6c0fb5db821cc65e70cbd64a3e2a5eaae", "fc323ffcaeaed0e0a02bf4d117757b98aed530d9ed4531e3e15460124c106691"]
click = ["d2b5255c7c6349bc1bd1e59e08cd12acbbd63ce649f2588755783aa94dfb6b1a", "dacca89f4bfadd5de3d7489b7c8a566eee0d3676333fbb50030263894c38c0dc"]
colorama = ["5941b2b48a20143d2267e95b1c2a7603ce057ee39fd88e7329b0c292aa16869b", "9f47eda37229f68eee03b24b9748937c7dc3868f906e8ba69fbcbdd3bc5dc3e2"]
confluent-kafka = ["0efd716da4f03f99d45fbb0d1583c5c8bf1eabc258a883588e3cd6ee06c0facb", "1bcb0d45fba5fcfa87971667490ff41ec8aae99e8c66ec61bf2c28e4dabf2737", "1f52d6dd04fc81cb22e89a6b579cde83634f9c98218af6fcb794e8e924fc5de0", "4025ccddbc79443a4e2342de0d770f669558eb737fca2e7851558cd45f78ef78", "413cc9189ba7560bdc1010bbf3cabdcccfb794262f20aa867778e4059e789e88", "4194c11fdfa47fe749eabe7f2bcd259e921a457b046df5fe82d11dd519412327", "48941bff7b151ebe8fc5d958b8b039164ad9bbb4b5b66dde7d8c16ce36fa5ca5", "4d85e900ee59cba6acbe2ed415f6b8b86c86cca4f1cf0782bca24588cb594f52", "5252f989c364b1231eb4bd26db7a6acae1020af53069c7567f4f9627afab2612", "6095b248c457518d3f83ecb981a819512241b3c3fd7f461f3c55405278ab7825", "63245ea826238f7c41002c6583e44d07a3a25fbcedd320af4902bb22d17a67ec", "70a2aa7056143ff30a8259d69327b38838f402fabbcc0699cfd8a7de4123825a", "77f545e9b143b22d2f11609677aacf7d15855b0166a59634fb1b125ac209b7d7", "81a1f91a82c65bc3d3d77dbb821b2c91e36ec482a5fc1dec8996c00c4c5bbd3b", "8469a8780a8d6258d4be08dc882b1d2e8114cfb93ae3836c2841ecfc127efc03", "86685d98e28bc9eade04a06b4979829f1d5c7785bced8cf335152e4dd363e4aa", "86bfac9a48a7a77c1f4972272521f970c4bbd55975a5c7c7d172c21dea094f28", "910cd945e9684c4d1ee8777258e6f3fa6a54e5ff8d361bba65b03275d0e57f18", "9350101ca2db756cb9ca2c5ef410a0c19b200267add97a76c2ffa167ac59685a", "98258fbe75c5d67f0e6103eec1763f9bb713e4258dbdac45ecf8805a975fdd5c", "99d75d06e79ec7d489cd410717d5ad303dee2a632db5d39f5d20f1ec1a40a23e", "a1925564bb10556686a9857ce22c222f1d6e66079d3379e23edec0bb3c19703b", "a4600737ed4ceb6c799319d1d2977c46c00966274d868bcdeba66b655558ee26", "b96882b342b78b082aeedb56ee3c35d137adeadc26a63188ea36ae46ae1d485c", "c57c58f812a21fa8ad9f8bac88b4cd026dfe5b4f1fc9353d4fc0186c9b6d558e", "c72c9223a95b6668a805b175ab39e10a1cb2074e1cfa32a7cace758c744c4238", "ce45cc45b0dd29fb5a297a7f248f98dc5bde0142d48e07a19140f45906296b14", "d060ffc618b5618b8e01bc1414104e4c595746f28029ac91b1f7b63d5bcb72f2", "e3bcb44595824dd1c78980bb57804a18ff8de16e257e747bd2724db88acfee25", "f294a3c3115c2b12a8f0dec6165e1bd427f3a4ca6066a9028e13f9a516c9a162", "f7a8bb7a5e80776a2dd8d4f4edbef1ebd5fdb2f443f87e95e08f6f7c598c33e1", "fcb975bc7b26611e3c5c32f3c584ed860703f0496b22c096642ebc36d8cb4f12"]
coverage = ["0203acd33d2298e19b57451ebb0bed0ab0c602e5cf5a818591b4918b1f97d516", "0f313707cdecd5cd3e217fc68c78a960b616604b559e9ea60cc16795c4304259", "1c6703094c81fa55b816f5ae542c6ffc625fec769f22b053adb42ad712d086c9", "1d44bb3a652fed01f1f2c10d5477956116e9b391320c94d36c6bf13b088a1097", "280baa8ec489c4f542f8940f9c4c2181f0306a8ee1a54eceba071a449fb870a0", "29a6272fec10623fcbe158fdf9abc7a5fa032048ac1d8631f14b50fbfc10d17f", "2b31f46bf7b31e6aa690d4c7a3d51bb262438c6dcb0d528adde446531d0d3bb7", "2d43af2be93ffbad25dd959899b5b809618a496926146ce98ee0b23683f8c51c", "381ead10b9b9af5f64646cd27107fb27b614ee7040bb1226f9c07ba96625cbb5", "47a11bdbd8ada9b7ee628596f9d97fbd3851bd9999d398e9436bd67376dbece7", "4d6a42744139a7fa5b46a264874a781e8694bb32f1d76d8137b68138686f1729", "50691e744714856f03a86df3e2bff847c2acede4c191f9a1da38f088df342978", "530cc8aaf11cc2ac7430f3614b04645662ef20c348dce4167c22d99bec3480e9", "582ddfbe712025448206a5bc45855d16c2e491c2dd102ee9a2841418ac1c629f", "63808c30b41f3bbf65e29f7280bf793c79f54fb807057de7e5238ffc7cc4d7b9", "71b69bd716698fa62cd97137d6f2fdf49f534decb23a2c6fc80813e8b7be6822", "7858847f2d84bf6e64c7f66498e851c54de8ea06a6f96a32a1d192d846734418", "78e93cc3571fd928a39c0b26767c986188a4118edc67bc0695bc7a284da22e82", "7f43286f13d91a34fadf61ae252a51a130223c52bfefb50310d5b2deb062cf0f", "86e9f8cd4b0cdd57b4ae71a9c186717daa4c5a99f3238a8723f416256e0b064d", "8f264ba2701b8c9f815b272ad568d555ef98dfe1576802ab3149c3629a9f2221", "9342dd70a1e151684727c9c91ea003b2fb33523bf19385d4554f7897ca0141d4", "9361de40701666b034c59ad9e317bae95c973b9ff92513dd0eced11c6adf2e21", "9669179786254a2e7e57f0ecf224e978471491d660aaca833f845b72a2df3709", "aac1ba0a253e17889550ddb1b60a2063f7474155465577caa2a3b131224cfd54", "aef72eae10b5e3116bac6957de1df4d75909fc76d1499a53fb6387434b6bcd8d", "bd3166bb3b111e76a4f8e2980fa1addf2920a4ca9b2b8ca36a3bc3dedc618270", "c1b78fb9700fc961f53386ad2fd86d87091e06ede5d118b8a50dea285a071c24", "c3888a051226e676e383de03bf49eb633cd39fc829516e5334e69b8d81aae751", "c5f17ad25d2c1286436761b462e22b5020d83316f8e8fcb5deb2b3151f8f1d3a", "c851b35fc078389bc16b915a0a7c1d5923e12e2c5aeec58c52f4aa8085ac8237", "cb7df71de0af56000115eafd000b867d1261f786b5eebd88a0ca6360cccfaca7", "cedb2f9e1f990918ea061f28a0f0077a07702e3819602d3507e2ff98c8d20636", "e8caf961e1b1a945db76f1b5fa9c91498d15f545ac0ababbe575cfab185d3bd8"]
coveralls = ["4b6bfc2a2a77b890f556bc631e35ba1ac21193c356393b66c84465c06218e135", "67188c7ec630c5f708c31552f2bcdac4580e172219897c4136504f14b823132f"]
docopt = ["49b3a825280bd66b3aa83585ef59c4a8c82f2c8a522dbe754a8bc8d08c85c491"]
fastavro = ["0456f0dd1b0887bff3b78e1be98cafdda2dc60840f28588d22e3f1464960c174", "1244735758e8e7dac85c9f11fcef3044eb7977a28a225cad7da465d4189488be", "31519ff01c2bcd0554f7963f4d29c5fed3d0dc0b9ca4f812dced4134ae7483ce", "343af15333093329b1066bf3cfd04e8a911b852c3da6805d30acefdecd8649cb", "36d482398bc5bd4a70cbd18e003e6b434c55fb0e874b2e67785bf914c80c4e70", "3dbbd053aafaf513ea00b0b058a5ad9056d519fe803396149498df7b57797169", "4338b0f822065b5e363a623b004a01fb66131aca6ddca032e90e391a7eed8606", "60f2ec7a9cfa90fc5ddcd6d916f0163c5e1a32d17f008e8ec50dbbb95b1ecbc0", "741862281083cbdb071b7667ed1d5bbd0d7dce265aae91ed6f43d6fa9d72befc", "806f0baf18beb541215b3d79c5288f9a8b615422c7c43b0556906c3774ed322f", "8377b0739a97e3c3fc6975b8929818dc84fdbac7902692341a473b00f11095f2", "b2483674f56e8a023191574ead3fc6f92fb0b46a6e61b91a6db3adba00c1ad21", "c1bb045adf28ffaf572042b03ade8c32ab33eb4dac780d8b266b8fa3614c7ed8", "c304da104f7df86229d0f9ebff261dc8909110e297772911f5607c36d7b2427a", "c9a17a59e4b05c7d75d749abd91e61923efce97c89712ceb5e74c57c132ec77d", "d35bd760a201a384803c5d50c61144a180442251a03f583857a460fc19004e63", "d90ab3b49876c281383e65380e962fec38337ed58496a53196f48dfd50ab36f3", "dc91349316c284f4f760ddf5cfb65fa03ef4ca449988f9aa426e8c840f2b81d1", "e4f2803f0731871c606c08d93ed6d777ccc70b6dd09fd66a9271c11b7f698737", "e5fc98a72c9a2e5dfd04d2a4790bdf389db8cf2c1bc2eeac59801ff0972b4d70", "f41e959af7f354544b056e32226fc40db560d97dfbc1db5660d6faad6ea37696", "ff08d511b9b2a07373b290c0025dc40d93820d20f5c78841ba1447d596b2bbcb"]
flake8 = ["749dbbd6bfd0cf1318af27bf97a14e28e5ff548ef8e5b1566ccfb25a11e7c839", "aadae8761ec651813c24be05c6f7b4680857ef6afaae4651a4eccaef97ce6c3b"]
gitdb = ["91f36bfb1ab7949b3b40e23736db18231bf7593edada2ba5c3a174a7b23657ac", "c9e1f2d0db7ddb9a704c2a0217be31214e91a4fe1dea1efad19ae42ba0c285c9"]
gitpython = ["138016d519bf4dd55b22c682c904ed2fd0235c3612b2f8f65ce218ff358deed8", "a03f728b49ce9597a6655793207c6ab0da55519368ff5961e4a74ae475b9fa8e"]
idna = ["b307872f855b18632ce0c21c5e45be78c0ea7ae4c15c828c20788b26921eb3f6", "b97d804b1e9b523befed77c48dacec60e6dcb0b5391d57af6a65a312a90648c0"]
importlib-metadata = ["77a540690e24b0305878c37ffd421785a6f7e53c8b5720d211b211de8d0e95da", "cefa1a2f919b866c5beb7c9f7b0ebb4061f30a8a9bf16d609b000e2dfaceb9c3"]
isort = ["54da7e92468955c4fceacd0c86bd0ec997b0e1ee80d97f67c35a78b719dccab1", "6e811fcb295968434526407adb8796944f1988c5b65e8139058f2014cbe100fd"]
kafka-python = ["04dfe7fea2b63726cd6f3e79a2d86e709d608d74406638c5da33a01d45a9d7e3", "2d92418c7cb1c298fa6c7f0fb3519b520d0d7526ac6cb7ae2a4fc65a51a94b6e"]
kazoo = ["8db774f7bdece7d0dc7decb21539ff0852e42c2ffe1c28d7f1ff6f9292a1c3a4", "a5fa2e400c5068cfee9e86b35cf0dab8232b574152d8e3590d823b3e2426ab5e"]
mccabe = ["ab8a6258860da4b6677da4bd2fe5dc2c659cff31b3ee4f7f5d64e79735b80d42", "dd8d182285a0fe56bace7f45b5e7d1a6ebcbf524e8f3bd87eb0f125271b8831f"]
more-itertools = ["6f83822ae94818eae2612063a5101a7311e68ae8002005b5e05f03fd74a86a20", "9b30f12df9393f0d28af9210ff8efe48d10c94f73e5daf886f10c4b0b0b4f03c"]
packaging = ["4357f74f47b9c12db93624a82154e9b120fa8293699949152b22065d556079f8", "998416ba6962ae7fbd6596850b80e17859a5753ba17c32284f67bfff33784181"]
pbr = ["14bfd98f51c78a3dd22a1ef45cf194ad79eee4a19e8e1a0d5c7f8e81ffe182ea", "5adc0f9fc64319d8df5ca1e4e06eea674c26b80e6f00c530b18ce6a6592ead15"]
pendulum = ["0731f0c661a3cb779d398803655494893c9f581f6488048b3fb629c2342b5394", "1245cd0075a3c6d889f581f6325dd8404aca5884dea7223a5566c38aab94642b", "29c40a6f2942376185728c9a0347d7c0f07905638c83007e1d262781f1e6953a", "2d1619a721df661e506eff8db8614016f0720ac171fe80dda1333ee44e684087", "318f72f62e8e23cd6660dbafe1e346950281a9aed144b5c596b2ddabc1d19739", "33fb61601083f3eb1d15edeb45274f73c63b3c44a8524703dc143f4212bf3269", "3481fad1dc3f6f6738bd575a951d3c15d4b4ce7c82dce37cf8ac1483fde6e8b0", "4c9c689747f39d0d02a9f94fcee737b34a5773803a64a5fdb046ee9cac7442c5", "7c5ec650cb4bec4c63a89a0242cc8c3cebcec92fcfe937c417ba18277d8560be", "94b1fc947bfe38579b28e1cccb36f7e28a15e841f30384b5ad6c5e31055c85d7", "9702069c694306297ed362ce7e3c1ef8404ac8ede39f9b28b7c1a7ad8c3959e3", "b06a0ca1bfe41c990bbf0c029f0b6501a7f2ec4e38bfec730712015e8860f207", "b6c352f4bd32dff1ea7066bd31ad0f71f8d8100b9ff709fb343f3b86cee43efe", "c501749fdd3d6f9e726086bf0cd4437281ed47e7bca132ddb522f86a1645d360", "c807a578a532eeb226150d5006f156632df2cc8c5693d778324b43ff8c515dd0", "db0a40d8bcd27b4fb46676e8eb3c732c67a5a5e6bfab8927028224fbced0b40b", "de42ea3e2943171a9e95141f2eecf972480636e8e484ccffaf1e833929e9e052", "e95d329384717c7bf627bf27e204bc3b15c8238fa8d9d9781d93712776c14002", "f5e236e7730cab1644e1b87aca3d2ff3e375a608542e90fe25685dae46310116", "f888f2d2909a414680a29ae74d0592758f2b9fcdee3549887779cd4055e975db", "fb53ffa0085002ddd43b6ca61a7b34f2d4d7c3ed66f931fe599e1a531b42af9b"]
pluggy = ["15b2acde666561e1298d71b523007ed7364de07029219b604cf808bfa1c765b0", "966c145cd83c96502c3c3868f50408687b38434af77734af1e9ca461a4081d2d"]
py = ["366389d1db726cd2fcfc79732e75410e5fe4d31db13692115529d34069a043c2", "9ca6883ce56b4e8da7e79ac18787889fa5206c79dcc67fb065376cd2fe03f342"]
pycodestyle = ["2295e7b2f6b5bd100585ebcb1f616591b652db8a741695b3d8f5d28bdc934367", "c58a7d2815e0e8d7972bf1803331fb0152f867bd89adf8a01dfd55085434192e"]
pyflakes = ["0d94e0e05a19e57a99444b6ddcf9a6eb2e5c68d3ca1e98e90707af8152c90a92", "35b2d75ee967ea93b55750aa9edbbf72813e06a66ba54438df2cfac9e3c27fc8"]
pykafka = ["6b075909a52cb0c95325bc16ab797bbcdbb37386652ea460705ed4472ce91459", "f0bbd394ae6970042a587c99fe4dc0966e67787249d963d4ce2f810dc9490577"]
pyparsing = ["c203ec8783bf771a155b207279b9bccb8dea02d8f0c9e5f8ead507bc3246ecc1", "ef9d7589ef3c200abe66653d3f1ab1033c3c419ae9b9bdb1240a85b024efc88b"]
pytest = ["5c0db86b698e8f170ba4582a492248919255fcd4c79b1ee64ace34301fb589a1", "7979331bfcba207414f5e1263b5a0f8f521d0f457318836a7355531ed1a4c7d8"]
pytest-cov = ["45ec2d5182f89a81fc3eb29e3d1ed3113b9e9a873bcddb2a71faaab066110191", "47bd0ce14056fdd79f93e1713f88fad7bdcc583dcd7783da86ef2f085a0bb88e"]
pytest-mock = ["67e414b3caef7bff6fc6bd83b22b5bc39147e4493f483c2679bc9d4dc485a94d", "e24a911ec96773022ebcc7030059b57cd3480b56d4f5d19b7c370ec635e6aed5"]
python-dateutil = ["73ebfe9dbf22e832286dafa60473e4cd239f8592f699aa5adaf10050e6e1823c", "75bb3f31ea686f1197762692a9ee6a7550b59fc6ca3a1f4b5d7e32fb98e2da2a"]
pytz = ["a494d53b6d39c3c6e44c3bec237336e14305e4f29bbf800b599253057fbb79ed", "c35965d010ce31b23eeb663ed3cc8c906275d6be1a34393a1d73a41febf4a048"]
pytzdata = ["3efa13b335a00a8de1d345ae41ec78dd11c9f8807f522d39850f2dd828681540", "e1e14750bcf95016381e4d472bad004eef710f2d6417240904070b3d6654485f"]
pyyaml = ["06a0d7ba600ce0b2d2fe2e78453a470b5a6e000a985dd4a4e54e436cc36b0e97", "240097ff019d7c70a4922b6869d8a86407758333f02203e0fc6ff79c5dcede76", "4f4b913ca1a7319b33cfb1369e91e50354d6f07a135f3b901aca02aa95940bd2", "69f00dca373f240f842b2931fb2c7e14ddbacd1397d57157a9b005a6a9942648", "73f099454b799e05e5ab51423c7bcf361c58d3206fa7b0d555426b1f4d9a3eaf", "74809a57b329d6cc0fdccee6318f44b9b8649961fa73144a98735b0aaf029f1f", "7739fc0fa8205b3ee8808aea45e968bc90082c10aef6ea95e855e10abf4a37b2", "95f71d2af0ff4227885f7a6605c37fd53d3a106fcab511b8860ecca9fcf400ee", "b8eac752c5e14d3eca0e6dd9199cd627518cb5ec06add0de9d32baeee6fe645d", "cc8955cfbfc7a115fa81d85284ee61147059a753344bc51098f3ccd69b0d7e0c", "d13155f591e6fcc1ec3b30685d50bf0711574e2c0dfffd7644babf8b5102ca1a"]
requests = ["b3559a131db72c33ee969480840fff4bb6dd111de7dd27c8ee1f820f4f00231b", "fe75cc94a9443b9246fc7049224f75604b113c36acb93f87b80ed42c44cbb898"]
six = ["30639c035cdb23534cd4aa2dd52c3bf48f06e5f4a941509c8bafd8ce11080259", "8b74bedcbbbaca38ff6d7491d76f2b06b3592611af620f8426e82dddb04a5ced"]
smmap = ["54c44c197c819d5ef1991799a7e30b662d1e520f2ac75c9efbeb54a742214cf4", "9c98bbd1f9786d22f14b3d4126894d56befb835ec90cef151af566c7e19b5d24"]
stevedore = ["5e1ab03eaae06ef6ce23859402de785f08d97780ed774948ef16c4652c41bc62", "f845868b3a3a77a2489d226568abe7328b5c2d4f6a011cc759dfa99144a521f0"]
tabulate = ["ac64cb76d53b1231d364babcd72abbb16855adac7de6665122f97b593f1eb2ba", "db2723a20d04bcda8522165c73eea7c300eda74e0ce852d9022e0159d7895007"]
toml = ["926b612be1e5ce0634a2ca03470f95169cf16f939018233a670519cb4ac58b0f", "bda89d5935c2eac546d648028b9901107a595863cb36bae0c73ac804a9b4ce88"]
urllib3 = ["91056c15fa70756691db97756772bb1eb9678fa585d9184f24534b100dc60f4a", "e7983572181f5e1522d9c98453462384ee92a0be7fac5f1413a1e35c56cc0461"]
wcwidth = ["beb4802a9cebb9144e99086eff703a642a13d6a0052920003a230f3294bbe784", "c4d647b99872929fdb7bdcaa4fbe7f01413ed3d98077df798530e5b04f116c83"]
yamale = ["8c3fd8d8ff69365c45856b3bb07160f4cfce77a01d4fb62bde9b2c4dc30eaed3"]
zipp = ["16522f69653f0d67be90e8baa4a46d66389145b734345d68a257da53df670903", "c1532a8030c32fd52ff6a288d855fe7adef5823ba1d26a29a68fd6314aa72baa"]
